
Microsoft Visual Studio Solution File, Format Version 12.00
# Visual Studio Version 16
VisualStudioVersion = 16.0.30517.126
MinimumVisualStudioVersion = 10.0.40219.1
Project("{FAE04EC0-301F-11D3-BF4B-00C04F79EFBC}") = "Controls, Events and Properties", "Controls, Events and Properties.csproj", "{3D396F93-4F9F-44D1-918A-5A39857B0435}"
EndProject
Global
	GlobalSection(SolutionConfigurationPlatforms) = preSolution
		Debug|Any CPU = Debug|Any CPU
		Release|Any CPU = Release|Any CPU
	EndGlobalSection
	GlobalSection(ProjectConfigurationPlatforms) = postSolution
		{3D396F93-4F9F-44D1-918A-5A39857B0435}.Debug|Any CPU.ActiveCfg = Debug|Any CPU
		{3D396F93-4F9F-44D1-918A-5A39857B0435}.Debug|Any CPU.Build.0 = Debug|Any CPU
		{3D396F93-4F9F-44D1-918A-5A39857B0435}.Release|Any CPU.ActiveCfg = Release|Any CPU
		{3D396F93-4F9F-44D1-918A-5A39857B0435}.Release|Any CPU.Build.0 = Release|Any CPU
	EndGlobalSection
	GlobalSection(SolutionProperties) = preSolution
		HideSolutionNode = FALSE
	EndGlobalSection
	GlobalSection(ExtensibilityGlobals) = postSolution
		SolutionGuid = {B52A85C6-9024-4168-9418-63AEDA380029}
	EndGlobalSection
EndGlobal
